
Microsoft Visual Studio Solution File, Format Version 12.00
# Visual Studio Version 17
VisualStudioVersion = 17.6.33815.320
MinimumVisualStudioVersion = 10.0.40219.1
Project("{8BC9CEB8-8B4A-11D0-8D11-00A0C91BC942}") = "Tasks", "Tasks\Tasks.vcxproj", "{6C67F110-2B01-4F79-9F19-5A58C5051707}"
EndProject
Global
	GlobalSection(SolutionConfigurationPlatforms) = preSolution
		Debug|x64 = Debug|x64
		Debug|x86 = Debug|x86
		Release|x64 = Release|x64
		Release|x86 = Release|x86
	EndGlobalSection
	GlobalSection(ProjectConfigurationPlatforms) = postSolution
		{6C67F110-2B01-4F79-9F19-5A58C5051707}.Debug|x64.ActiveCfg = Debug|x64
		{6C67F110-2B01-4F79-9F19-5A58C5051707}.Debug|x64.Build.0 = Debug|x64
		{6C67F110-2B01-4F79-9F19-5A58C5051707}.Debug|x86.ActiveCfg = Debug|Win32
		{6C67F110-2B01-4F79-9F19-5A58C5051707}.Debug|x86.Build.0 = Debug|Win32
		{6C67F110-2B01-4F79-9F19-5A58C5051707}.Release|x64.ActiveCfg = Release|x64
		{6C67F110-2B01-4F79-9F19-5A58C5051707}.Release|x64.Build.0 = Release|x64
		{6C67F110-2B01-4F79-9F19-5A58C5051707}.Release|x86.ActiveCfg = Release|Win32
		{6C67F110-2B01-4F79-9F19-5A58C5051707}.Release|x86.Build.0 = Release|Win32
	EndGlobalSection
	GlobalSection(SolutionProperties) = preSolution
		HideSolutionNode = FALSE
	EndGlobalSection
	GlobalSection(ExtensibilityGlobals) = postSolution
		SolutionGuid = {14AE3E38-E905-4D3D-879F-B8C0BAE4333A}
	EndGlobalSection
EndGlobal
